// !$*UTF8*$!
{
	archiveVersion = 1;
	classes = {
	};
	objectVersion = 55;
	objects = {

/* Begin PBXBuildFile section */
		681EE4752885ED66000AA576 /* MiniEpubApp.swift in Sources */ = {isa = PBXBuildFile; fileRef = 681EE4742885ED66000AA576 /* MiniEpubApp.swift */; };
		681EE4772885ED66000AA576 /* ContentView.swift in Sources */ = {isa = PBXBuildFile; fileRef = 681EE4762885ED66000AA576 /* ContentView.swift */; };
		681EE4792885ED67000AA576 /* Assets.xcassets in Resources */ = {isa = PBXBuildFile; fileRef = 681EE4782885ED67000AA576 /* Assets.xcassets */; };
		681EE47C2885ED67000AA576 /* Preview Assets.xcassets in Resources */ = {isa = PBXBuildFile; fileRef = 681EE47B2885ED67000AA576 /* Preview Assets.xcassets */; };
		681EE4832885EDF1000AA576 /* Extensions.swift in Sources */ = {isa = PBXBuildFile; fileRef = 681EE4822885EDF1000AA576 /* Extensions.swift */; };
		681EE48A2885EE57000AA576 /* PTSerif-Italic.ttf in Resources */ = {isa = PBXBuildFile; fileRef = 681EE4852885EE57000AA576 /* PTSerif-Italic.ttf */; };
		681EE48B2885EE57000AA576 /* PTSerif-BoldItalic.ttf in Resources */ = {isa = PBXBuildFile; fileRef = 681EE4862885EE57000AA576 /* PTSerif-BoldItalic.ttf */; };
		681EE48C2885EE57000AA576 /* PTSerif-Bold.ttf in Resources */ = {isa = PBXBuildFile; fileRef = 681EE4872885EE57000AA576 /* PTSerif-Bold.ttf */; };
		681EE48D2885EE57000AA576 /* OFL.txt in Resources */ = {isa = PBXBuildFile; fileRef = 681EE4882885EE57000AA576 /* OFL.txt */; };
		681EE48E2885EE57000AA576 /* PTSerif-Regular.ttf in Resources */ = {isa = PBXBuildFile; fileRef = 681EE4892885EE57000AA576 /* PTSerif-Regular.ttf */; };
/* End PBXBuildFile section */

/* Begin PBXFileReference section */
		681EE4712885ED66000AA576 /* MiniEpub.app */ = {isa = PBXFileReference; explicitFileType = wrapper.application; includeInIndex = 0; path = MiniEpub.app; sourceTree = BUILT_PRODUCTS_DIR; };
		681EE4742885ED66000AA576 /* MiniEpubApp.swift */ = {isa = PBXFileReference; lastKnownFileType = sourcecode.swift; path = MiniEpubApp.swift; sourceTree = "<group>"; };
		681EE4762885ED66000AA576 /* ContentView.swift */ = {isa = PBXFileReference; lastKnownFileType = sourcecode.swift; path = ContentView.swift; sourceTree = "<group>"; };
		681EE4782885ED67000AA576 /* Assets.xcassets */ = {isa = PBXFileReference; lastKnownFileType = folder.assetcatalog; path = Assets.xcassets; sourceTree = "<group>"; };
		681EE47B2885ED67000AA576 /* Preview Assets.xcassets */ = {isa = PBXFileReference; lastKnownFileType = folder.assetcatalog; path = "Preview Assets.xcassets"; sourceTree = "<group>"; };
		681EE4822885EDF1000AA576 /* Extensions.swift */ = {isa = PBXFileReference; lastKnownFileType = sourcecode.swift; path = Extensions.swift; sourceTree = "<group>"; };
		681EE4852885EE57000AA576 /* PTSerif-Italic.ttf */ = {isa = PBXFileReference; lastKnownFileType = file; path = "PTSerif-Italic.ttf"; sourceTree = "<group>"; };
		681EE4862885EE57000AA576 /* PTSerif-BoldItalic.ttf */ = {isa = PBXFileReference; lastKnownFileType = file; path = "PTSerif-BoldItalic.ttf"; sourceTree = "<group>"; };
		681EE4872885EE57000AA576 /* PTSerif-Bold.ttf */ = {isa = PBXFileReference; lastKnownFileType = file; path = "PTSerif-Bold.ttf"; sourceTree = "<group>"; };
		681EE4882885EE57000AA576 /* OFL.txt */ = {isa = PBXFileReference; fileEncoding = 4; lastKnownFileType = text; path = OFL.txt; sourceTree = "<group>"; };
		681EE4892885EE57000AA576 /* PTSerif-Regular.ttf */ = {isa = PBXFileReference; lastKnownFileType = file; path = "PTSerif-Regular.ttf"; sourceTree = "<group>"; };
		681EE48F2885EE6A000AA576 /* Info.plist */ = {isa = PBXFileReference; lastKnownFileType = text.plist; path = Info.plist; sourceTree = "<group>"; };
/* End PBXFileReference section */

/* Begin PBXFrameworksBuildPhase section */
		681EE46E2885ED66000AA576 /* Frameworks */ = {
			isa = PBXFrameworksBuildPhase;
			buildActionMask = 2147483647;
			files = (
			);
			runOnlyForDeploymentPostprocessing = 0;
		};
/* End PBXFrameworksBuildPhase section */

/* Begin PBXGroup section */
		681EE4682885ED66000AA576 = {
			isa = PBXGroup;
			children = (
				681EE4732885ED66000AA576 /* MiniEpub */,
				681EE4722885ED66000AA576 /* Products */,
			);
			sourceTree = "<group>";
		};
		681EE4722885ED66000AA576 /* Products */ = {
			isa = PBXGroup;
			children = (
				681EE4712885ED66000AA576 /* MiniEpub.app */,
			);
			name = Products;
			sourceTree = "<group>";
		};
		681EE4732885ED66000AA576 /* MiniEpub */ = {
			isa = PBXGroup;
			children = (
				681EE48F2885EE6A000AA576 /* Info.plist */,
				681EE4842885EE57000AA576 /* PT_Serif */,
				681EE4742885ED66000AA576 /* MiniEpubApp.swift */,
				681EE4762885ED66000AA576 /* ContentView.swift */,
				681EE4782885ED67000AA576 /* Assets.xcassets */,
				681EE47A2885ED67000AA576 /* Preview Content */,
				681EE4822885EDF1000AA576 /* Extensions.swift */,
			);
			path = MiniEpub;
			sourceTree = "<group>";
		};
		681EE47A2885ED67000AA576 /* Preview Content */ = {
			isa = PBXGroup;
			children = (
				681EE47B2885ED67000AA576 /* Preview Assets.xcassets */,
			);
			path = "Preview Content";
			sourceTree = "<group>";
		};
		681EE4842885EE57000AA576 /* PT_Serif */ = {
			isa = PBXGroup;
			children = (
				681EE4852885EE57000AA576 /* PTSerif-Italic.ttf */,
				681EE4862885EE57000AA576 /* PTSerif-BoldItalic.ttf */,
				681EE4872885EE57000AA576 /* PTSerif-Bold.ttf */,
				681EE4882885EE57000AA576 /* OFL.txt */,
				681EE4892885EE57000AA576 /* PTSerif-Regular.ttf */,
			);
			path = PT_Serif;
			sourceTree = "<group>";
		};
/* End PBXGroup section */

/* Begin PBXNativeTarget section */
		681EE4702885ED66000AA576 /* MiniEpub */ = {
			isa = PBXNativeTarget;
			buildConfigurationList = 681EE47F2885ED67000AA576 /* Build configuration list for PBXNativeTarget "MiniEpub" */;
			buildPhases = (
				681EE46D2885ED66000AA576 /* Sources */,
				681EE46E2885ED66000AA576 /* Frameworks */,
				681EE46F2885ED66000AA576 /* Resources */,
			);
			buildRules = (
			);
			dependencies = (
			);
			name = MiniEpub;
			productName = MiniEpub;
			productReference = 681EE4712885ED66000AA576 /* MiniEpub.app */;
			productType = "com.apple.product-type.application";
		};
/* End PBXNativeTarget section */

/* Begin PBXProject section */
		681EE4692885ED66000AA576 /* Project object */ = {
			isa = PBXProject;
			attributes = {
				BuildIndependentTargetsInParallel = 1;
				LastSwiftUpdateCheck = 1340;
				LastUpgradeCheck = 1340;
				TargetAttributes = {
					681EE4702885ED66000AA576 = {
						CreatedOnToolsVersion = 13.4;
					};
				};
			};
			buildConfigurationList = 681EE46C2885ED66000AA576 /* Build configuration list for PBXProject "MiniEpub" */;
			compatibilityVersion = "Xcode 13.0";
			developmentRegion = en;
			hasScannedForEncodings = 0;
			knownRegions = (
				en,
				Base,
			);
			mainGroup = 681EE4682885ED66000AA576;
			productRefGroup = 681EE4722885ED66000AA576 /* Products */;
			projectDirPath = "";
			projectRoot = "";
			targets = (
				681EE4702885ED66000AA576 /* MiniEpub */,
			);
		};
/* End PBXProject section */

/* Begin PBXResourcesBuildPhase section */
		681EE46F2885ED66000AA576 /* Resources */ = {
			isa = PBXResourcesBuildPhase;
			buildActionMask = 2147483647;
			files = (
				681EE48D2885EE57000AA576 /* OFL.txt in Resources */,
				681EE47C2885ED67000AA576 /* Preview Assets.xcassets in Resources */,
				681EE48E2885EE57000AA576 /* PTSerif-Regular.ttf in Resources */,
				681EE48A2885EE57000AA576 /* PTSerif-Italic.ttf in Resources */,
				681EE4792885ED67000AA576 /* Assets.xcassets in Resources */,
				681EE48C2885EE57000AA576 /* PTSerif-Bold.ttf in Resources */,
				681EE48B2885EE57000AA576 /* PTSerif-BoldItalic.ttf in Resources */,
			);
			runOnlyForDeploymentPostprocessing = 0;
		};
/* End PBXResourcesBuildPhase section */

/* Begin PBXSourcesBuildPhase section */
		681EE46D2885ED66000AA576 /* Sources */ = {
			isa = PBXSourcesBuildPhase;
			buildActionMask = 2147483647;
			files = (
				681EE4772885ED66000AA576 /* ContentView.swift in Sources */,
				681EE4832885EDF1000AA576 /* Extensions.swift in Sources */,
				681EE4752885ED66000AA576 /* MiniEpubApp.swift in Sources */,
			);
			runOnlyForDeploymentPostprocessing = 0;
		};
/* End PBXSourcesBuildPhase section */

/* Begin XCBuildConfiguration section */
		681EE47D2885ED67000AA576 /* Debug */ = {
			isa = XCBuildConfiguration;
			buildSettings = {
				ALWAYS_SEARCH_USER_PATHS = NO;
				CLANG_ANALYZER_NONNULL = YES;
				CLANG_ANALYZER_NUMBER_OBJECT_CONVERSION = YES_AGGRESSIVE;
				CLANG_CXX_LANGUAGE_STANDARD = "gnu++17";
				CLANG_ENABLE_MODULES = YES;
				CLANG_ENABLE_OBJC_ARC = YES;
				CLANG_ENABLE_OBJC_WEAK = YES;
				CLANG_WARN_BLOCK_CAPTURE_AUTORELEASING = YES;
				CLANG_WARN_BOOL_CONVERSION = YES;
				CLANG_WARN_COMMA = YES;
				CLANG_WARN_CONSTANT_CONVERSION = YES;
				CLANG_WARN_DEPRECATED_OBJC_IMPLEMENTATIONS = YES;
				CLANG_WARN_DIRECT_OBJC_ISA_USAGE = YES_ERROR;
				CLANG_WARN_DOCUMENTATION_COMMENTS = YES;
				CLANG_WARN_EMPTY_BODY = YES;
				CLANG_WARN_ENUM_CONVERSION = YES;
				CLANG_WARN_INFINITE_RECURSION = YES;
				CLANG_WARN_INT_CONVERSION = YES;
				CLANG_WARN_NON_LITERAL_NULL_CONVERSION = YES;
				CLANG_WARN_OBJC_IMPLICIT_RETAIN_SELF = YES;
				CLANG_WARN_OBJC_LITERAL_CONVERSION = YES;
				CLANG_WARN_OBJC_ROOT_CLASS = YES_ERROR;
				CLANG_WARN_QUOTED_INCLUDE_IN_FRAMEWORK_HEADER = YES;
				CLANG_WARN_RANGE_LOOP_ANALYSIS = YES;
				CLANG_WARN_STRICT_PROTOTYPES = YES;
				CLANG_WARN_SUSPICIOUS_MOVE = YES;
				CLANG_WARN_UNGUARDED_AVAILABILITY = YES_AGGRESSIVE;
				CLANG_WARN_UNREACHABLE_CODE = YES;
				CLANG_WARN__DUPLICATE_METHOD_MATCH = YES;
				COPY_PHASE_STRIP = NO;
				DEBUG_INFORMATION_FORMAT = dwarf;
				ENABLE_STRICT_OBJC_MSGSEND = YES;
				ENABLE_TESTABILITY = YES;
				GCC_C_LANGUAGE_STANDARD = gnu11;
				GCC_DYNAMIC_NO_PIC = NO;
				GCC_NO_COMMON_BLOCKS = YES;
				GCC_OPTIMIZATION_LEVEL = 0;
				GCC_PREPROCESSOR_DEFINITIONS = (
					"DEBUG=1",
					"$(inherited)",
				);
				GCC_WARN_64_TO_32_BIT_CONVERSION = YES;
				GCC_WARN_ABOUT_RETURN_TYPE = YES_ERROR;
				GCC_WARN_UNDECLARED_SELECTOR = YES;
				GCC_WARN_UNINITIALIZED_AUTOS = YES_AGGRESSIVE;
				GCC_WARN_UNUSED_FUNCTION = YES;
				GCC_WARN_UNUSED_VARIABLE = YES;
				IPHONEOS_DEPLOYMENT_TARGET = 15.5;
				MTL_ENABLE_DEBUG_INFO = INCLUDE_SOURCE;
				MTL_FAST_MATH = YES;
				ONLY_ACTIVE_ARCH = YES;
				SDKROOT = iphoneos;
				SWIFT_ACTIVE_COMPILATION_CONDITIONS = DEBUG;
				SWIFT_OPTIMIZATION_LEVEL = "-Onone";
			};
			name = Debug;
		};
		681EE47E2885ED67000AA576 /* Release */ = {
			isa = XCBuildConfiguration;
			buildSettings = {
				ALWAYS_SEARCH_USER_PATHS = NO;
				CLANG_ANALYZER_NONNULL = YES;
				CLANG_ANALYZER_NUMBER_OBJECT_CONVERSION = YES_AGGRESSIVE;
				CLANG_CXX_LANGUAGE_STANDARD = "gnu++17";
				CLANG_ENABLE_MODULES = YES;
				CLANG_ENABLE_OBJC_ARC = YES;
				CLANG_ENABLE_OBJC_WEAK = YES;
				CLANG_WARN_BLOCK_CAPTURE_AUTORELEASING = YES;
				CLANG_WARN_BOOL_CONVERSION = YES;
				CLANG_WARN_COMMA = YES;
				CLANG_WARN_CONSTANT_CONVERSION = YES;
				CLANG_WARN_DEPRECATED_OBJC_IMPLEMENTATIONS = YES;
				CLANG_WARN_DIRECT_OBJC_ISA_USAGE = YES_ERROR;
				CLANG_WARN_DOCUMENTATION_COMMENTS = YES;
				CLANG_WARN_EMPTY_BODY = YES;
				CLANG_WARN_ENUM_CONVERSION = YES;
				CLANG_WARN_INFINITE_RECURSION = YES;
				CLANG_WARN_INT_CONVERSION = YES;
				CLANG_WARN_NON_LITERAL_NULL_CONVERSION = YES;
				CLANG_WARN_OBJC_IMPLICIT_RETAIN_SELF = YES;
				CLANG_WARN_OBJC_LITERAL_CONVERSION = YES;
				CLANG_WARN_OBJC_ROOT_CLASS = YES_ERROR;
				CLANG_WARN_QUOTED_INCLUDE_IN_FRAMEWORK_HEADER = YES;
				CLANG_WARN_RANGE_LOOP_ANALYSIS = YES;
				CLANG_WARN_STRICT_PROTOTYPES = YES;
				CLANG_WARN_SUSPICIOUS_MOVE = YES;
				CLANG_WARN_UNGUARDED_AVAILABILITY = YES_AGGRESSIVE;
				CLANG_WARN_UNREACHABLE_CODE = YES;
				CLANG_WARN__DUPLICATE_METHOD_MATCH = YES;
				COPY_PHASE_STRIP = NO;
				DEBUG_INFORMATION_FORMAT = "dwarf-with-dsym";
				ENABLE_NS_ASSERTIONS = NO;
				ENABLE_STRICT_OBJC_MSGSEND = YES;
				GCC_C_LANGUAGE_STANDARD = gnu11;
				GCC_NO_COMMON_BLOCKS = YES;
				GCC_WARN_64_TO_32_BIT_CONVERSION = YES;
				GCC_WARN_ABOUT_RETURN_TYPE = YES_ERROR;
				GCC_WARN_UNDECLARED_SELECTOR = YES;
				GCC_WARN_UNINITIALIZED_AUTOS = YES_AGGRESSIVE;
				GCC_WARN_UNUSED_FUNCTION = YES;
				GCC_WARN_UNUSED_VARIABLE = YES;
				IPHONEOS_DEPLOYMENT_TARGET = 15.5;
				MTL_ENABLE_DEBUG_INFO = NO;
				MTL_FAST_MATH = YES;
				SDKROOT = iphoneos;
				SWIFT_COMPILATION_MODE = wholemodule;
				SWIFT_OPTIMIZATION_LEVEL = "-O";
				VALIDATE_PRODUCT = YES;
			};
			name = Release;
		};
		681EE4802885ED67000AA576 /* Debug */ = {
			isa = XCBuildConfiguration;
			buildSettings = {
				ASSETCATALOG_COMPILER_APPICON_NAME = AppIcon;
				ASSETCATALOG_COMPILER_GLOBAL_ACCENT_COLOR_NAME = AccentColor;
				CODE_SIGN_STYLE = Automatic;
				CURRENT_PROJECT_VERSION = 1;
				DEVELOPMENT_ASSET_PATHS = "\"MiniEpub/Preview Content\"";
				DEVELOPMENT_TEAM = 3VD8Z9BKRP;
				ENABLE_PREVIEWS = YES;
				GENERATE_INFOPLIST_FILE = YES;
				INFOPLIST_FILE = MiniEpub/Info.plist;
				INFOPLIST_KEY_UIApplicationSceneManifest_Generation = YES;
				INFOPLIST_KEY_UIApplicationSupportsIndirectInputEvents = YES;
				INFOPLIST_KEY_UILaunchScreen_Generation = YES;
				INFOPLIST_KEY_UISupportedInterfaceOrientations_iPad = "UIInterfaceOrientationPortrait UIInterfaceOrientationPortraitUpsideDown UIInterfaceOrientationLandscapeLeft UIInterfaceOrientationLandscapeRight";
				INFOPLIST_KEY_UISupportedInterfaceOrientations_iPhone = "UIInterfaceOrientationPortrait UIInterfaceOrientationLandscapeLeft UIInterfaceOrientationLandscapeRight";
				LD_RUNPATH_SEARCH_PATHS = (
					"$(inherited)",
					"@executable_path/Frameworks",
				);
				MARKETING_VERSION = 1.0;
				PRODUCT_BUNDLE_IDENTIFIER = com.riiptide.MiniEpub;
				PRODUCT_NAME = "$(TARGET_NAME)";
				SWIFT_EMIT_LOC_STRINGS = YES;
				SWIFT_VERSION = 5.0;
				TARGETED_DEVICE_FAMILY = "1,2";
			};
			name = Debug;
		};
		681EE4812885ED67000AA576 /* Release */ = {
			isa = XCBuildConfiguration;
			buildSettings = {
				ASSETCATALOG_COMPILER_APPICON_NAME = AppIcon;
				ASSETCATALOG_COMPILER_GLOBAL_ACCENT_COLOR_NAME = AccentColor;
				CODE_SIGN_STYLE = Automatic;
				CURRENT_PROJECT_VERSION = 1;
				DEVELOPMENT_ASSET_PATHS = "\"MiniEpub/Preview Content\"";
				DEVELOPMENT_TEAM = 3VD8Z9BKRP;
				ENABLE_PREVIEWS = YES;
				GENERATE_INFOPLIST_FILE = YES;
				INFOPLIST_FILE = MiniEpub/Info.plist;
				INFOPLIST_KEY_UIApplicationSceneManifest_Generation = YES;
				INFOPLIST_KEY_UIApplicationSupportsIndirectInputEvents = YES;
				INFOPLIST_KEY_UILaunchScreen_Generation = YES;
				INFOPLIST_KEY_UISupportedInterfaceOrientations_iPad = "UIInterfaceOrientationPortrait UIInterfaceOrientationPortraitUpsideDown UIInterfaceOrientationLandscapeLeft UIInterfaceOrientationLandscapeRight";
				INFOPLIST_KEY_UISupportedInterfaceOrientations_iPhone = "UIInterfaceOrientationPortrait UIInterfaceOrientationLandscapeLeft UIInterfaceOrientationLandscapeRight";
				LD_RUNPATH_SEARCH_PATHS = (
					"$(inherited)",
					"@executable_path/Frameworks",
				);
				MARKETING_VERSION = 1.0;
				PRODUCT_BUNDLE_IDENTIFIER = com.riiptide.MiniEpub;
				PRODUCT_NAME = "$(TARGET_NAME)";
				SWIFT_EMIT_LOC_STRINGS = YES;
				SWIFT_VERSION = 5.0;
				TARGETED_DEVICE_FAMILY = "1,2";
			};
			name = Release;
		};
/* End XCBuildConfiguration section */

/* Begin XCConfigurationList section */
		681EE46C2885ED66000AA576 /* Build configuration list for PBXProject "MiniEpub" */ = {
			isa = XCConfigurationList;
			buildConfigurations = (
				681EE47D2885ED67000AA576 /* Debug */,
				681EE47E2885ED67000AA576 /* Release */,
			);
			defaultConfigurationIsVisible = 0;
			defaultConfigurationName = Release;
		};
		681EE47F2885ED67000AA576 /* Build configuration list for PBXNativeTarget "MiniEpub" */ = {
			isa = XCConfigurationList;
			buildConfigurations = (
				681EE4802885ED67000AA576 /* Debug */,
				681EE4812885ED67000AA576 /* Release */,
			);
			defaultConfigurationIsVisible = 0;
			defaultConfigurationName = Release;
		};
/* End XCConfigurationList section */
	};
	rootObject = 681EE4692885ED66000AA576 /* Project object */;
}
